
Microsoft Visual Studio Solution File, Format Version 12.00
# Visual Studio Version 17
VisualStudioVersion = 17.3.32819.101
MinimumVisualStudioVersion = 10.0.40219.1
Project("{FAE04EC0-301F-11D3-BF4B-00C04F79EFBC}") = "ConsoleApp1", "ConsoleApp1\ConsoleApp1.csproj", "{638B978B-9DC0-40D5-9ADF-626C5F5FC452}"
EndProject
Global
	GlobalSection(SolutionConfigurationPlatforms) = preSolution
		Debug|Any CPU = Debug|Any CPU
		Release|Any CPU = Release|Any CPU
	EndGlobalSection
	GlobalSection(ProjectConfigurationPlatforms) = postSolution
		{638B978B-9DC0-40D5-9ADF-626C5F5FC452}.Debug|Any CPU.ActiveCfg = Debug|Any CPU
		{638B978B-9DC0-40D5-9ADF-626C5F5FC452}.Debug|Any CPU.Build.0 = Debug|Any CPU
		{638B978B-9DC0-40D5-9ADF-626C5F5FC452}.Release|Any CPU.ActiveCfg = Release|Any CPU
		{638B978B-9DC0-40D5-9ADF-626C5F5FC452}.Release|Any CPU.Build.0 = Release|Any CPU
	EndGlobalSection
	GlobalSection(SolutionProperties) = preSolution
		HideSolutionNode = FALSE
	EndGlobalSection
	GlobalSection(ExtensibilityGlobals) = postSolution
		SolutionGuid = {01894908-7429-47EE-90D3-50E7BB95710C}
	EndGlobalSection
EndGlobal
